
Microsoft Visual Studio Solution File, Format Version 12.00
# Visual Studio 15
VisualStudioVersion = 15.0.27004.2005
MinimumVisualStudioVersion = 10.0.40219.1
Project("{9A19103F-16F7-4668-BE54-9A1E7A4F7556}") = "Sirius", "Sirius\Sirius.csproj", "{C1682A83-94BE-409C-9BBC-8A5C9BF5C3B6}"
EndProject
Global
	GlobalSection(SolutionConfigurationPlatforms) = preSolution
		1|Any CPU = 1|Any CPU
		Debug|Any CPU = Debug|Any CPU
		Release|Any CPU = Release|Any CPU
	EndGlobalSection
	GlobalSection(ProjectConfigurationPlatforms) = postSolution
		{C1682A83-94BE-409C-9BBC-8A5C9BF5C3B6}.1|Any CPU.ActiveCfg = 1|Any CPU
		{C1682A83-94BE-409C-9BBC-8A5C9BF5C3B6}.1|Any CPU.Build.0 = 1|Any CPU
		{C1682A83-94BE-409C-9BBC-8A5C9BF5C3B6}.Debug|Any CPU.ActiveCfg = Debug|Any CPU
		{C1682A83-94BE-409C-9BBC-8A5C9BF5C3B6}.Debug|Any CPU.Build.0 = Debug|Any CPU
		{C1682A83-94BE-409C-9BBC-8A5C9BF5C3B6}.Release|Any CPU.ActiveCfg = Release|Any CPU
		{C1682A83-94BE-409C-9BBC-8A5C9BF5C3B6}.Release|Any CPU.Build.0 = Release|Any CPU
	EndGlobalSection
	GlobalSection(SolutionProperties) = preSolution
		HideSolutionNode = FALSE
	EndGlobalSection
	GlobalSection(ExtensibilityGlobals) = postSolution
		SolutionGuid = {850EE727-2B96-435A-9A13-C5FD8A107A83}
	EndGlobalSection
EndGlobal
